
Microsoft Visual Studio Solution File, Format Version 12.00
# Visual Studio Express 2013 for Windows Desktop
VisualStudioVersion = 12.0.21005.1
MinimumVisualStudioVersion = 10.0.40219.1
Project("{FAE04EC0-301F-11D3-BF4B-00C04F79EFBC}") = "RssAtomHtmlReader", "RssAtomHtmlReader\RssAtomHtmlReader.csproj", "{4F78E536-CFAD-4934-A627-879FFEE6565F}"
EndProject
Project("{FAE04EC0-301F-11D3-BF4B-00C04F79EFBC}") = "DataBaseProvider", "DataBaseProvider\DataBaseProvider.csproj", "{1514A3ED-17DF-4F0F-BD94-2819A043CA66}"
EndProject
Project("{FAE04EC0-301F-11D3-BF4B-00C04F79EFBC}") = "Parsers", "FeedParsers\Parsers.csproj", "{EA5469A4-71A1-4DE2-B592-3AADC8752EB6}"
EndProject
Project("{FAE04EC0-301F-11D3-BF4B-00C04F79EFBC}") = "DownloadingService", "DownloadingService\DownloadingService.csproj", "{F1D66927-B22C-4D71-B7AC-D86EDD617F46}"
EndProject
Project("{2150E333-8FDC-42A3-9474-1A3956D46DE8}") = ".nuget", ".nuget", "{2199FA5B-D1E5-4478-B671-9767529B53CD}"
	ProjectSection(SolutionItems) = preProject
		.nuget\NuGet.Config = .nuget\NuGet.Config
		.nuget\NuGet.exe = .nuget\NuGet.exe
		.nuget\NuGet.targets = .nuget\NuGet.targets
	EndProjectSection
EndProject
Project("{FAE04EC0-301F-11D3-BF4B-00C04F79EFBC}") = "Test.Parsers", "Test.Parsers\Test.Parsers.csproj", "{6BBE4657-0CF4-42F7-BF2B-496B13AA2739}"
EndProject
Project("{FAE04EC0-301F-11D3-BF4B-00C04F79EFBC}") = "ParsersModule", "ParsersModule\ParsersModule.csproj", "{E6184282-07E6-406A-AEC6-371A6D1D46C5}"
EndProject
Global
	GlobalSection(SolutionConfigurationPlatforms) = preSolution
		Debug|Any CPU = Debug|Any CPU
		Release|Any CPU = Release|Any CPU
	EndGlobalSection
	GlobalSection(ProjectConfigurationPlatforms) = postSolution
		{4F78E536-CFAD-4934-A627-879FFEE6565F}.Debug|Any CPU.ActiveCfg = Debug|Any CPU
		{4F78E536-CFAD-4934-A627-879FFEE6565F}.Debug|Any CPU.Build.0 = Debug|Any CPU
		{4F78E536-CFAD-4934-A627-879FFEE6565F}.Release|Any CPU.ActiveCfg = Release|Any CPU
		{4F78E536-CFAD-4934-A627-879FFEE6565F}.Release|Any CPU.Build.0 = Release|Any CPU
		{1514A3ED-17DF-4F0F-BD94-2819A043CA66}.Debug|Any CPU.ActiveCfg = Debug|Any CPU
		{1514A3ED-17DF-4F0F-BD94-2819A043CA66}.Debug|Any CPU.Build.0 = Debug|Any CPU
		{1514A3ED-17DF-4F0F-BD94-2819A043CA66}.Release|Any CPU.ActiveCfg = Release|Any CPU
		{1514A3ED-17DF-4F0F-BD94-2819A043CA66}.Release|Any CPU.Build.0 = Release|Any CPU
		{EA5469A4-71A1-4DE2-B592-3AADC8752EB6}.Debug|Any CPU.ActiveCfg = Debug|Any CPU
		{EA5469A4-71A1-4DE2-B592-3AADC8752EB6}.Debug|Any CPU.Build.0 = Debug|Any CPU
		{EA5469A4-71A1-4DE2-B592-3AADC8752EB6}.Release|Any CPU.ActiveCfg = Release|Any CPU
		{EA5469A4-71A1-4DE2-B592-3AADC8752EB6}.Release|Any CPU.Build.0 = Release|Any CPU
		{F1D66927-B22C-4D71-B7AC-D86EDD617F46}.Debug|Any CPU.ActiveCfg = Debug|Any CPU
		{F1D66927-B22C-4D71-B7AC-D86EDD617F46}.Debug|Any CPU.Build.0 = Debug|Any CPU
		{F1D66927-B22C-4D71-B7AC-D86EDD617F46}.Release|Any CPU.ActiveCfg = Release|Any CPU
		{F1D66927-B22C-4D71-B7AC-D86EDD617F46}.Release|Any CPU.Build.0 = Release|Any CPU
		{6BBE4657-0CF4-42F7-BF2B-496B13AA2739}.Debug|Any CPU.ActiveCfg = Debug|Any CPU
		{6BBE4657-0CF4-42F7-BF2B-496B13AA2739}.Debug|Any CPU.Build.0 = Debug|Any CPU
		{6BBE4657-0CF4-42F7-BF2B-496B13AA2739}.Release|Any CPU.ActiveCfg = Release|Any CPU
		{6BBE4657-0CF4-42F7-BF2B-496B13AA2739}.Release|Any CPU.Build.0 = Release|Any CPU
		{E6184282-07E6-406A-AEC6-371A6D1D46C5}.Debug|Any CPU.ActiveCfg = Debug|Any CPU
		{E6184282-07E6-406A-AEC6-371A6D1D46C5}.Debug|Any CPU.Build.0 = Debug|Any CPU
		{E6184282-07E6-406A-AEC6-371A6D1D46C5}.Release|Any CPU.ActiveCfg = Release|Any CPU
		{E6184282-07E6-406A-AEC6-371A6D1D46C5}.Release|Any CPU.Build.0 = Release|Any CPU
	EndGlobalSection
	GlobalSection(SolutionProperties) = preSolution
		HideSolutionNode = FALSE
	EndGlobalSection
EndGlobal
